
Microsoft Visual Studio Solution File, Format Version 12.00
# Visual Studio Version 17
VisualStudioVersion = 17.13.35828.75
MinimumVisualStudioVersion = 10.0.40219.1
Project("{FAE04EC0-301F-11D3-BF4B-00C04F79EFBC}") = "Core", "Core\Core.csproj", "{09BD8B6B-D3D4-4142-B859-4265A669D9D1}"
EndProject
Project("{FAE04EC0-301F-11D3-BF4B-00C04F79EFBC}") = "Api", "Api\Api.csproj", "{C96F03EE-7F21-4596-B7C3-3BFB8D85065B}"
EndProject
Global
	GlobalSection(SolutionConfigurationPlatforms) = preSolution
		Debug|Any CPU = Debug|Any CPU
		Release|Any CPU = Release|Any CPU
	EndGlobalSection
	GlobalSection(ProjectConfigurationPlatforms) = postSolution
		{09BD8B6B-D3D4-4142-B859-4265A669D9D1}.Debug|Any CPU.ActiveCfg = Debug|Any CPU
		{09BD8B6B-D3D4-4142-B859-4265A669D9D1}.Debug|Any CPU.Build.0 = Debug|Any CPU
		{09BD8B6B-D3D4-4142-B859-4265A669D9D1}.Release|Any CPU.ActiveCfg = Release|Any CPU
		{09BD8B6B-D3D4-4142-B859-4265A669D9D1}.Release|Any CPU.Build.0 = Release|Any CPU
		{C96F03EE-7F21-4596-B7C3-3BFB8D85065B}.Debug|Any CPU.ActiveCfg = Debug|Any CPU
		{C96F03EE-7F21-4596-B7C3-3BFB8D85065B}.Debug|Any CPU.Build.0 = Debug|Any CPU
		{C96F03EE-7F21-4596-B7C3-3BFB8D85065B}.Release|Any CPU.ActiveCfg = Release|Any CPU
		{C96F03EE-7F21-4596-B7C3-3BFB8D85065B}.Release|Any CPU.Build.0 = Release|Any CPU
	EndGlobalSection
	GlobalSection(SolutionProperties) = preSolution
		HideSolutionNode = FALSE
	EndGlobalSection
	GlobalSection(ExtensibilityGlobals) = postSolution
		SolutionGuid = {B8D8303E-A6ED-4DA3-B3F6-1918380B8196}
	EndGlobalSection
EndGlobal
